
Microsoft Visual Studio Solution File, Format Version 12.00
# Visual Studio Version 17
VisualStudioVersion = 17.5.2.0
MinimumVisualStudioVersion = 10.0.40219.1
Project("{FAE04EC0-301F-11D3-BF4B-00C04F79EFBC}") = "WishlistApp", "WishlistApp\WishlistApp.csproj", "{1E59D25F-B0F7-A2CF-B2A1-6207BE72BFC2}"
EndProject
Project("{2150E333-8FDC-42A3-9474-1A3956D46DE8}") = "chat-service-dotnet", "chat-service-dotnet", "{D69B180E-6766-1C40-4498-E57162AB2878}"
EndProject
Project("{FAE04EC0-301F-11D3-BF4B-00C04F79EFBC}") = "ChatService", "chat-service-dotnet\ChatService.csproj", "{B130CFB3-9DBE-43B2-97DD-B91FE69ED2F5}"
EndProject
Global
	GlobalSection(SolutionConfigurationPlatforms) = preSolution
		Debug|Any CPU = Debug|Any CPU
		Debug|x64 = Debug|x64
		Debug|x86 = Debug|x86
		Release|Any CPU = Release|Any CPU
		Release|x64 = Release|x64
		Release|x86 = Release|x86
	EndGlobalSection
	GlobalSection(ProjectConfigurationPlatforms) = postSolution
		{1E59D25F-B0F7-A2CF-B2A1-6207BE72BFC2}.Debug|Any CPU.ActiveCfg = Debug|Any CPU
		{1E59D25F-B0F7-A2CF-B2A1-6207BE72BFC2}.Debug|Any CPU.Build.0 = Debug|Any CPU
		{1E59D25F-B0F7-A2CF-B2A1-6207BE72BFC2}.Debug|x64.ActiveCfg = Debug|Any CPU
		{1E59D25F-B0F7-A2CF-B2A1-6207BE72BFC2}.Debug|x64.Build.0 = Debug|Any CPU
		{1E59D25F-B0F7-A2CF-B2A1-6207BE72BFC2}.Debug|x86.ActiveCfg = Debug|Any CPU
		{1E59D25F-B0F7-A2CF-B2A1-6207BE72BFC2}.Debug|x86.Build.0 = Debug|Any CPU
		{1E59D25F-B0F7-A2CF-B2A1-6207BE72BFC2}.Release|Any CPU.ActiveCfg = Release|Any CPU
		{1E59D25F-B0F7-A2CF-B2A1-6207BE72BFC2}.Release|Any CPU.Build.0 = Release|Any CPU
		{1E59D25F-B0F7-A2CF-B2A1-6207BE72BFC2}.Release|x64.ActiveCfg = Release|Any CPU
		{1E59D25F-B0F7-A2CF-B2A1-6207BE72BFC2}.Release|x64.Build.0 = Release|Any CPU
		{1E59D25F-B0F7-A2CF-B2A1-6207BE72BFC2}.Release|x86.ActiveCfg = Release|Any CPU
		{1E59D25F-B0F7-A2CF-B2A1-6207BE72BFC2}.Release|x86.Build.0 = Release|Any CPU
		{B130CFB3-9DBE-43B2-97DD-B91FE69ED2F5}.Debug|Any CPU.ActiveCfg = Debug|Any CPU
		{B130CFB3-9DBE-43B2-97DD-B91FE69ED2F5}.Debug|Any CPU.Build.0 = Debug|Any CPU
		{B130CFB3-9DBE-43B2-97DD-B91FE69ED2F5}.Debug|x64.ActiveCfg = Debug|Any CPU
		{B130CFB3-9DBE-43B2-97DD-B91FE69ED2F5}.Debug|x64.Build.0 = Debug|Any CPU
		{B130CFB3-9DBE-43B2-97DD-B91FE69ED2F5}.Debug|x86.ActiveCfg = Debug|Any CPU
		{B130CFB3-9DBE-43B2-97DD-B91FE69ED2F5}.Debug|x86.Build.0 = Debug|Any CPU
		{B130CFB3-9DBE-43B2-97DD-B91FE69ED2F5}.Release|Any CPU.ActiveCfg = Release|Any CPU
		{B130CFB3-9DBE-43B2-97DD-B91FE69ED2F5}.Release|Any CPU.Build.0 = Release|Any CPU
		{B130CFB3-9DBE-43B2-97DD-B91FE69ED2F5}.Release|x64.ActiveCfg = Release|Any CPU
		{B130CFB3-9DBE-43B2-97DD-B91FE69ED2F5}.Release|x64.Build.0 = Release|Any CPU
		{B130CFB3-9DBE-43B2-97DD-B91FE69ED2F5}.Release|x86.ActiveCfg = Release|Any CPU
		{B130CFB3-9DBE-43B2-97DD-B91FE69ED2F5}.Release|x86.Build.0 = Release|Any CPU
	EndGlobalSection
	GlobalSection(SolutionProperties) = preSolution
		HideSolutionNode = FALSE
	EndGlobalSection
	GlobalSection(NestedProjects) = preSolution
		{B130CFB3-9DBE-43B2-97DD-B91FE69ED2F5} = {D69B180E-6766-1C40-4498-E57162AB2878}
	EndGlobalSection
	GlobalSection(ExtensibilityGlobals) = postSolution
		SolutionGuid = {F49DC075-D0E3-4287-B743-B7B9595FCEFC}
	EndGlobalSection
EndGlobal
